<?xml version="1.0" encoding="utf-8"?>
<Project ToolsVersion="4.0" xmlns="http://schemas.microsoft.com/developer/msbuild/2003">
  <ItemGroup>
    <ClInclude Include="Main.h" />
    <ClInclude Include="stdafx.h" />
    <ClInclude Include="Scene_Main.h">
      <Filter>Scene</Filter>
    </ClInclude>
    <ClInclude Include="Block.h">
      <Filter>GameObject</Filter>
    </ClInclude>
    <ClInclude Include="Chunk.h">
      <Filter>System</Filter>
    </ClInclude>
  </ItemGroup>
  <ItemGroup>
    <ClCompile Include="Main.cpp" />
    <ClCompile Include="Scene_Main.cpp">
      <Filter>Scene</Filter>
    </ClCompile>
    <ClCompile Include="Block.cpp">
      <Filter>GameObject</Filter>
    </ClCompile>
    <ClCompile Include="Chunk.cpp">
      <Filter>System</Filter>
    </ClCompile>
  </ItemGroup>
  <ItemGroup>
    <Filter Include="Scene">
      <UniqueIdentifier>{e6d5a275-c725-47e6-93cf-83c2b208fddb}</UniqueIdentifier>
    </Filter>
    <Filter Include="GameObject">
      <UniqueIdentifier>{b626eecd-f76c-49d7-8a29-a4515a4fda19}</UniqueIdentifier>
    </Filter>
    <Filter Include="System">
      <UniqueIdentifier>{723def94-cf3b-4f4b-9923-e2bc14951610}</UniqueIdentifier>
    </Filter>
  </ItemGroup>
</Project>